Microsoft Visual Studio Solution File, Format Version 11.00
# Visual Studio 2010
Project("{E097FAD1-6243-4DAD-9C02-E9B9EFC3FFC1}") = "Assembly-CSharp", "Assembly-CSharp.csproj", "{B2F98C36-1C1F-6FF3-A5B3-E4FE08F4DAC9}"
EndProject
Project("{E097FAD1-6243-4DAD-9C02-E9B9EFC3FFC1}") = "Assembly-CSharp-Editor", "Assembly-CSharp-Editor.csproj", "{6BB814D8-BB13-50BF-5A80-6EA0CB778464}"
EndProject
Project("{E097FAD1-6243-4DAD-9C02-E9B9EFC3FFC1}") = "Assembly-CSharp-Editor-firstpass", "Assembly-CSharp-Editor-firstpass.csproj", "{380F6D52-DD72-34D1-DDF9-668EE534C63A}"
EndProject
Global
	GlobalSection(SolutionConfigurationPlatforms) = preSolution
		Debug|Any CPU = Debug|Any CPU
		Release|Any CPU = Release|Any CPU
	EndGlobalSection
	GlobalSection(ProjectConfigurationPlatforms) = postSolution
		{B2F98C36-1C1F-6FF3-A5B3-E4FE08F4DAC9}.Debug|Any CPU.ActiveCfg = Debug|Any CPU
		{B2F98C36-1C1F-6FF3-A5B3-E4FE08F4DAC9}.Debug|Any CPU.Build.0 = Debug|Any CPU
		{B2F98C36-1C1F-6FF3-A5B3-E4FE08F4DAC9}.Release|Any CPU.ActiveCfg = Release|Any CPU
		{B2F98C36-1C1F-6FF3-A5B3-E4FE08F4DAC9}.Release|Any CPU.Build.0 = Release|Any CPU
		{6BB814D8-BB13-50BF-5A80-6EA0CB778464}.Debug|Any CPU.ActiveCfg = Debug|Any CPU
		{6BB814D8-BB13-50BF-5A80-6EA0CB778464}.Debug|Any CPU.Build.0 = Debug|Any CPU
		{6BB814D8-BB13-50BF-5A80-6EA0CB778464}.Release|Any CPU.ActiveCfg = Release|Any CPU
		{6BB814D8-BB13-50BF-5A80-6EA0CB778464}.Release|Any CPU.Build.0 = Release|Any CPU
		{380F6D52-DD72-34D1-DDF9-668EE534C63A}.Debug|Any CPU.ActiveCfg = Debug|Any CPU
		{380F6D52-DD72-34D1-DDF9-668EE534C63A}.Debug|Any CPU.Build.0 = Debug|Any CPU
		{380F6D52-DD72-34D1-DDF9-668EE534C63A}.Release|Any CPU.ActiveCfg = Release|Any CPU
		{380F6D52-DD72-34D1-DDF9-668EE534C63A}.Release|Any CPU.Build.0 = Release|Any CPU
	EndGlobalSection
	GlobalSection(SolutionProperties) = preSolution
		HideSolutionNode = FALSE
	EndGlobalSection
	GlobalSection(MonoDevelopProperties) = preSolution
		StartupItem = Assembly-CSharp.csproj
	EndGlobalSection
EndGlobal
